
Microsoft Visual Studio Solution File, Format Version 12.00
# Visual Studio Version 16
VisualStudioVersion = 16.0.30413.136
MinimumVisualStudioVersion = 10.0.40219.1
Project("{FAE04EC0-301F-11D3-BF4B-00C04F79EFBC}") = "AdoNetRelationships", "AdoNetRelationships\AdoNetRelationships.csproj", "{4A657697-C23C-4BB9-95CF-E07B6B77E956}"
EndProject
Global
	GlobalSection(SolutionConfigurationPlatforms) = preSolution
		Debug|Any CPU = Debug|Any CPU
		Release|Any CPU = Release|Any CPU
	EndGlobalSection
	GlobalSection(ProjectConfigurationPlatforms) = postSolution
		{4A657697-C23C-4BB9-95CF-E07B6B77E956}.Debug|Any CPU.ActiveCfg = Debug|Any CPU
		{4A657697-C23C-4BB9-95CF-E07B6B77E956}.Debug|Any CPU.Build.0 = Debug|Any CPU
		{4A657697-C23C-4BB9-95CF-E07B6B77E956}.Release|Any CPU.ActiveCfg = Release|Any CPU
		{4A657697-C23C-4BB9-95CF-E07B6B77E956}.Release|Any CPU.Build.0 = Release|Any CPU
	EndGlobalSection
	GlobalSection(SolutionProperties) = preSolution
		HideSolutionNode = FALSE
	EndGlobalSection
	GlobalSection(ExtensibilityGlobals) = postSolution
		SolutionGuid = {FE3C916A-357A-431F-AA76-F87BB3213C18}
	EndGlobalSection
EndGlobal
